Microsoft Visual Studio Solution File, Format Version 12.00
# Visual Studio Version 17
VisualStudioVersion = 17.5.2.0
MinimumVisualStudioVersion = 10.0.40219.1
Project("{FAE04EC0-301F-11D3-BF4B-00C04F79EFBC}") = "ModbusSimulator", "ModbusSimulator\ModbusSimulator.csproj", "{7639A2DC-7E80-D139-75A9-F7E6655734A0}"
EndProject
Project("{FAE04EC0-301F-11D3-BF4B-00C04F79EFBC}") = "ModbusSimulator.Tests", "ModbusSimulator.Tests\ModbusSimulator.Tests.csproj", "{ABC2D207-BFBC-4B7A-9211-230A94A41BE7}"
EndProject
Global
	GlobalSection(SolutionConfigurationPlatforms) = preSolution
		Debug|Any CPU = Debug|Any CPU
		Release|Any CPU = Release|Any CPU
	EndGlobalSection
	GlobalSection(ProjectConfigurationPlatforms) = postSolution
		{7639A2DC-7E80-D139-75A9-F7E6655734A0}.Debug|Any CPU.ActiveCfg = Debug|Any CPU
		{7639A2DC-7E80-D139-75A9-F7E6655734A0}.Debug|Any CPU.Build.0 = Debug|Any CPU
		{7639A2DC-7E80-D139-75A9-F7E6655734A0}.Release|Any CPU.ActiveCfg = Release|Any CPU
		{7639A2DC-7E80-D139-75A9-F7E6655734A0}.Release|Any CPU.Build.0 = Release|Any CPU
		{ABC2D207-BFBC-4B7A-9211-230A94A41BE7}.Debug|Any CPU.ActiveCfg = Debug|Any CPU
		{ABC2D207-BFBC-4B7A-9211-230A94A41BE7}.Debug|Any CPU.Build.0 = Debug|Any CPU
		{ABC2D207-BFBC-4B7A-9211-230A94A41BE7}.Release|Any CPU.ActiveCfg = Release|Any CPU
		{ABC2D207-BFBC-4B7A-9211-230A94A41BE7}.Release|Any CPU.Build.0 = Release|Any CPU
	EndGlobalSection
	GlobalSection(SolutionProperties) = preSolution
		HideSolutionNode = FALSE
	EndGlobalSection
	GlobalSection(ExtensibilityGlobals) = postSolution
		SolutionGuid = {95C5D066-614A-45B6-A131-E45FAEB1A969}
	EndGlobalSection
EndGlobal
